# THIS IS AN AUTOGENERATED FILE. DO NOT EDIT THIS FILE DIRECTLY.
# yarn lockfile v1


"@tanstack/query-core@^4.0.0-beta.1":
  version "4.0.10"
  resolved "https://registry.yarnpkg.com/@tanstack/query-core/-/query-core-4.0.10.tgz#cae6f818006616dc72c95c863592f5f68b47548a"
  integrity sha512-9LsABpZXkWZHi4P1ozRETEDXQocLAxVzQaIhganxbNuz/uA3PsCAJxJTiQrknG5htLMzOF5MqM9G10e6DCxV1A==

"@tanstack/react-query@^4.0.10":
  version "4.0.10"
  resolved "https://registry.yarnpkg.com/@tanstack/react-query/-/react-query-4.0.10.tgz#92c71a2632c06450d848d4964959bd216cde03c0"
  integrity sha512-Wn5QhZUE5wvr6rGClV7KeQIUsdTmYR9mgmMZen7DSRWauHW2UTynFg3Kkf6pw+XlxxOLsyLWwz/Q6q1lSpM3TQ==
  dependencies:
    "@tanstack/query-core" "^4.0.0-beta.1"
    "@types/use-sync-external-store" "^0.0.3"
    use-sync-external-store "^1.2.0"

"@types/use-sync-external-store@^0.0.3":
  version "0.0.3"
  resolved "https://registry.yarnpkg.com/@types/use-sync-external-store/-/use-sync-external-store-0.0.3.tgz#b6725d5f4af24ace33b36fafd295136e75509f43"
  integrity sha512-EwmlvuaxPNej9+T4v5AuBPJa2x2UOJVdjCtDHgcDqitUeOtjnJKJ+apYjVcAoBEMjKW1VVFGZLUb5+qqa09XFA==

use-sync-external-store@^1.2.0:
  version "1.2.0"
  resolved "https://registry.yarnpkg.com/use-sync-external-store/-/use-sync-external-store-1.2.0.tgz#7dbefd6ef3fe4e767a0cf5d7287aacfb5846928a"
  integrity sha512-eEgnFxGQ1Ife9bzYs6VLi8/4X6CObHMw9Qr9tPY43iKwsPw8xE8+EFsf/2cFZ5S3esXgpWgtSCtLNS41F+sKPA==
